
Microsoft Visual Studio Solution File, Format Version 12.00
# Visual Studio Version 17
VisualStudioVersion = 17.3.32825.248
MinimumVisualStudioVersion = 10.0.40219.1
Project("{9A19103F-16F7-4668-BE54-9A1E7A4F7556}") = "AlquilerDeCasas", "Ventas_2024\AlquilerDeCasas.csproj", "{5939366A-D98E-48ED-9974-22BFD680B223}"
EndProject
Global
	GlobalSection(SolutionConfigurationPlatforms) = preSolution
		Debug|Any CPU = Debug|Any CPU
		Release|Any CPU = Release|Any CPU
	EndGlobalSection
	GlobalSection(ProjectConfigurationPlatforms) = postSolution
		{5939366A-D98E-48ED-9974-22BFD680B223}.Debug|Any CPU.ActiveCfg = Debug|Any CPU
		{5939366A-D98E-48ED-9974-22BFD680B223}.Debug|Any CPU.Build.0 = Debug|Any CPU
		{5939366A-D98E-48ED-9974-22BFD680B223}.Release|Any CPU.ActiveCfg = Release|Any CPU
		{5939366A-D98E-48ED-9974-22BFD680B223}.Release|Any CPU.Build.0 = Release|Any CPU
	EndGlobalSection
	GlobalSection(SolutionProperties) = preSolution
		HideSolutionNode = FALSE
	EndGlobalSection
	GlobalSection(ExtensibilityGlobals) = postSolution
		SolutionGuid = {9028A210-261B-4BEC-A806-8D6BD27ADC77}
	EndGlobalSection
EndGlobal
